
Microsoft Visual Studio Solution File, Format Version 12.00
# Visual Studio 2012
Project("{FAE04EC0-301F-11D3-BF4B-00C04F79EFBC}") = "EssentialsSamples.Android", "EssentialsSamples.Android\EssentialsSamples.Android.csproj", "{1F47AAD1-AAF3-421A-A876-E801D11A1F4A}"
EndProject
Project("{FAE04EC0-301F-11D3-BF4B-00C04F79EFBC}") = "EssentialsSamples.iOS", "EssentialsSamples.iOS\EssentialsSamples.iOS.csproj", "{35AD9887-EBEE-4B99-B22C-51A8BE5432DA}"
EndProject
Project("{FAE04EC0-301F-11D3-BF4B-00C04F79EFBC}") = "EssentialsSamples", "EssentialsSamples\EssentialsSamples.csproj", "{DA888226-6CD6-4D67-969E-FAA053088F32}"
EndProject
Global
	GlobalSection(SolutionConfigurationPlatforms) = preSolution
		Debug|Any CPU = Debug|Any CPU
		Release|Any CPU = Release|Any CPU
		Debug|iPhoneSimulator = Debug|iPhoneSimulator
		Release|iPhoneSimulator = Release|iPhoneSimulator
		Debug|iPhone = Debug|iPhone
		Release|iPhone = Release|iPhone
		Ad-Hoc|iPhone = Ad-Hoc|iPhone
		AppStore|iPhone = AppStore|iPhone
	EndGlobalSection
	GlobalSection(ProjectConfigurationPlatforms) = postSolution
		{1F47AAD1-AAF3-421A-A876-E801D11A1F4A}.Debug|Any CPU.ActiveCfg = Debug|Any CPU
		{1F47AAD1-AAF3-421A-A876-E801D11A1F4A}.Debug|Any CPU.Build.0 = Debug|Any CPU
		{1F47AAD1-AAF3-421A-A876-E801D11A1F4A}.Release|Any CPU.ActiveCfg = Release|Any CPU
		{1F47AAD1-AAF3-421A-A876-E801D11A1F4A}.Release|Any CPU.Build.0 = Release|Any CPU
		{1F47AAD1-AAF3-421A-A876-E801D11A1F4A}.Debug|iPhoneSimulator.ActiveCfg = Debug|Any CPU
		{1F47AAD1-AAF3-421A-A876-E801D11A1F4A}.Debug|iPhoneSimulator.Build.0 = Debug|Any CPU
		{1F47AAD1-AAF3-421A-A876-E801D11A1F4A}.Release|iPhoneSimulator.ActiveCfg = Release|Any CPU
		{1F47AAD1-AAF3-421A-A876-E801D11A1F4A}.Release|iPhoneSimulator.Build.0 = Release|Any CPU
		{1F47AAD1-AAF3-421A-A876-E801D11A1F4A}.Debug|iPhone.ActiveCfg = Debug|Any CPU
		{1F47AAD1-AAF3-421A-A876-E801D11A1F4A}.Debug|iPhone.Build.0 = Debug|Any CPU
		{1F47AAD1-AAF3-421A-A876-E801D11A1F4A}.Release|iPhone.ActiveCfg = Release|Any CPU
		{1F47AAD1-AAF3-421A-A876-E801D11A1F4A}.Release|iPhone.Build.0 = Release|Any CPU
		{1F47AAD1-AAF3-421A-A876-E801D11A1F4A}.Ad-Hoc|iPhone.ActiveCfg = Debug|Any CPU
		{1F47AAD1-AAF3-421A-A876-E801D11A1F4A}.Ad-Hoc|iPhone.Build.0 = Debug|Any CPU
		{1F47AAD1-AAF3-421A-A876-E801D11A1F4A}.AppStore|iPhone.ActiveCfg = Debug|Any CPU
		{1F47AAD1-AAF3-421A-A876-E801D11A1F4A}.AppStore|iPhone.Build.0 = Debug|Any CPU
		{35AD9887-EBEE-4B99-B22C-51A8BE5432DA}.Debug|Any CPU.ActiveCfg = Debug|iPhoneSimulator
		{35AD9887-EBEE-4B99-B22C-51A8BE5432DA}.Debug|Any CPU.Build.0 = Debug|iPhoneSimulator
		{35AD9887-EBEE-4B99-B22C-51A8BE5432DA}.Release|Any CPU.ActiveCfg = Release|iPhoneSimulator
		{35AD9887-EBEE-4B99-B22C-51A8BE5432DA}.Release|Any CPU.Build.0 = Release|iPhoneSimulator
		{35AD9887-EBEE-4B99-B22C-51A8BE5432DA}.Debug|iPhoneSimulator.ActiveCfg = Debug|iPhoneSimulator
		{35AD9887-EBEE-4B99-B22C-51A8BE5432DA}.Debug|iPhoneSimulator.Build.0 = Debug|iPhoneSimulator
		{35AD9887-EBEE-4B99-B22C-51A8BE5432DA}.Release|iPhoneSimulator.ActiveCfg = Release|iPhoneSimulator
		{35AD9887-EBEE-4B99-B22C-51A8BE5432DA}.Release|iPhoneSimulator.Build.0 = Release|iPhoneSimulator
		{35AD9887-EBEE-4B99-B22C-51A8BE5432DA}.Debug|iPhone.ActiveCfg = Debug|iPhone
		{35AD9887-EBEE-4B99-B22C-51A8BE5432DA}.Debug|iPhone.Build.0 = Debug|iPhone
		{35AD9887-EBEE-4B99-B22C-51A8BE5432DA}.Release|iPhone.ActiveCfg = Release|iPhone
		{35AD9887-EBEE-4B99-B22C-51A8BE5432DA}.Release|iPhone.Build.0 = Release|iPhone
		{35AD9887-EBEE-4B99-B22C-51A8BE5432DA}.Ad-Hoc|iPhone.ActiveCfg = Ad-Hoc|iPhone
		{35AD9887-EBEE-4B99-B22C-51A8BE5432DA}.Ad-Hoc|iPhone.Build.0 = Ad-Hoc|iPhone
		{35AD9887-EBEE-4B99-B22C-51A8BE5432DA}.AppStore|iPhone.ActiveCfg = AppStore|iPhone
		{35AD9887-EBEE-4B99-B22C-51A8BE5432DA}.AppStore|iPhone.Build.0 = AppStore|iPhone
		{DA888226-6CD6-4D67-969E-FAA053088F32}.Debug|Any CPU.ActiveCfg = Debug|Any CPU
		{DA888226-6CD6-4D67-969E-FAA053088F32}.Debug|Any CPU.Build.0 = Debug|Any CPU
		{DA888226-6CD6-4D67-969E-FAA053088F32}.Release|Any CPU.ActiveCfg = Release|Any CPU
		{DA888226-6CD6-4D67-969E-FAA053088F32}.Release|Any CPU.Build.0 = Release|Any CPU
		{DA888226-6CD6-4D67-969E-FAA053088F32}.Debug|iPhoneSimulator.ActiveCfg = Debug|Any CPU
		{DA888226-6CD6-4D67-969E-FAA053088F32}.Debug|iPhoneSimulator.Build.0 = Debug|Any CPU
		{DA888226-6CD6-4D67-969E-FAA053088F32}.Release|iPhoneSimulator.ActiveCfg = Release|Any CPU
		{DA888226-6CD6-4D67-969E-FAA053088F32}.Release|iPhoneSimulator.Build.0 = Release|Any CPU
		{DA888226-6CD6-4D67-969E-FAA053088F32}.Debug|iPhone.ActiveCfg = Debug|Any CPU
		{DA888226-6CD6-4D67-969E-FAA053088F32}.Debug|iPhone.Build.0 = Debug|Any CPU
		{DA888226-6CD6-4D67-969E-FAA053088F32}.Release|iPhone.ActiveCfg = Release|Any CPU
		{DA888226-6CD6-4D67-969E-FAA053088F32}.Release|iPhone.Build.0 = Release|Any CPU
		{DA888226-6CD6-4D67-969E-FAA053088F32}.Ad-Hoc|iPhone.ActiveCfg = Debug|Any CPU
		{DA888226-6CD6-4D67-969E-FAA053088F32}.Ad-Hoc|iPhone.Build.0 = Debug|Any CPU
		{DA888226-6CD6-4D67-969E-FAA053088F32}.AppStore|iPhone.ActiveCfg = Debug|Any CPU
		{DA888226-6CD6-4D67-969E-FAA053088F32}.AppStore|iPhone.Build.0 = Debug|Any CPU
	EndGlobalSection
EndGlobal
